
Microsoft Visual Studio Solution File, Format Version 11.00
# Visual Studio 2010
Project("{FAE04EC0-301F-11D3-BF4B-00C04F79EFBC}") = "MiniChat", "MiniChat\MiniChat.csproj", "{C8329DA6-98D1-4C6C-9C9D-0E2E8728471E}"
EndProject
Global
	GlobalSection(SolutionConfigurationPlatforms) = preSolution
		Debug|x86 = Debug|x86
		Release|x86 = Release|x86
	EndGlobalSection
	GlobalSection(ProjectConfigurationPlatforms) = postSolution
		{C8329DA6-98D1-4C6C-9C9D-0E2E8728471E}.Debug|x86.ActiveCfg = Debug|x86
		{C8329DA6-98D1-4C6C-9C9D-0E2E8728471E}.Debug|x86.Build.0 = Debug|x86
		{C8329DA6-98D1-4C6C-9C9D-0E2E8728471E}.Release|x86.ActiveCfg = Release|x86
		{C8329DA6-98D1-4C6C-9C9D-0E2E8728471E}.Release|x86.Build.0 = Release|x86
	EndGlobalSection
	GlobalSection(SolutionProperties) = preSolution
		HideSolutionNode = FALSE
	EndGlobalSection
EndGlobal
